
Microsoft Visual Studio Solution File, Format Version 12.00
# Visual Studio Version 17
VisualStudioVersion = 17.13.35828.75 d17.13
MinimumVisualStudioVersion = 10.0.40219.1
Project("{888888A0-9F3D-457C-B088-3A5042F75D52}") = "MarcaAguaTexto", "MarcaAguaTexto\MarcaAguaTexto.pyproj", "{D5233B5D-FEF1-4998-848C-887E59FA7840}"
EndProject
Global
	GlobalSection(SolutionConfigurationPlatforms) = preSolution
		Debug|Any CPU = Debug|Any CPU
		Release|Any CPU = Release|Any CPU
	EndGlobalSection
	GlobalSection(ProjectConfigurationPlatforms) = postSolution
		{D5233B5D-FEF1-4998-848C-887E59FA7840}.Debug|Any CPU.ActiveCfg = Debug|Any CPU
		{D5233B5D-FEF1-4998-848C-887E59FA7840}.Release|Any CPU.ActiveCfg = Release|Any CPU
	EndGlobalSection
	GlobalSection(SolutionProperties) = preSolution
		HideSolutionNode = FALSE
	EndGlobalSection
	GlobalSection(ExtensibilityGlobals) = postSolution
		SolutionGuid = {DCDC0A87-3F2B-44E0-B4D5-E42918191A8C}
	EndGlobalSection
EndGlobal
